
Microsoft Visual Studio Solution File, Format Version 12.00
# Visual Studio Version 17
VisualStudioVersion = 17.9.34701.34
MinimumVisualStudioVersion = 10.0.40219.1
Project("{8BC9CEB8-8B4A-11D0-8D11-00A0C91BC942}") = "BOJ_9324", "BOJ_9324.vcxproj", "{11ACB6AB-D6BB-4A8E-8DFF-19862E186147}"
EndProject
Global
	GlobalSection(SolutionConfigurationPlatforms) = preSolution
		Debug|x64 = Debug|x64
		Release|x64 = Release|x64
	EndGlobalSection
	GlobalSection(ProjectConfigurationPlatforms) = postSolution
		{11ACB6AB-D6BB-4A8E-8DFF-19862E186147}.Debug|x64.ActiveCfg = Debug|x64
		{11ACB6AB-D6BB-4A8E-8DFF-19862E186147}.Debug|x64.Build.0 = Debug|x64
		{11ACB6AB-D6BB-4A8E-8DFF-19862E186147}.Release|x64.ActiveCfg = Release|x64
		{11ACB6AB-D6BB-4A8E-8DFF-19862E186147}.Release|x64.Build.0 = Release|x64
	EndGlobalSection
	GlobalSection(SolutionProperties) = preSolution
		HideSolutionNode = FALSE
	EndGlobalSection
	GlobalSection(ExtensibilityGlobals) = postSolution
		SolutionGuid = {32087B6E-8797-41CE-B69B-9C46C3D0CA8F}
	EndGlobalSection
EndGlobal
